
Microsoft Visual Studio Solution File, Format Version 12.00
# Visual Studio Version 17
VisualStudioVersion = 17.1.32414.318
MinimumVisualStudioVersion = 10.0.40219.1
Project("{FAE04EC0-301F-11D3-BF4B-00C04F79EFBC}") = "ConsoleSandbox", "ConsoleSandbox\ConsoleSandbox.csproj", "{AC832731-3C00-48B6-AFEF-9CFA86B39611}"
EndProject
Global
	GlobalSection(SolutionConfigurationPlatforms) = preSolution
		Debug|Any CPU = Debug|Any CPU
		Release|Any CPU = Release|Any CPU
	EndGlobalSection
	GlobalSection(ProjectConfigurationPlatforms) = postSolution
		{AC832731-3C00-48B6-AFEF-9CFA86B39611}.Debug|Any CPU.ActiveCfg = Debug|Any CPU
		{AC832731-3C00-48B6-AFEF-9CFA86B39611}.Debug|Any CPU.Build.0 = Debug|Any CPU
		{AC832731-3C00-48B6-AFEF-9CFA86B39611}.Release|Any CPU.ActiveCfg = Release|Any CPU
		{AC832731-3C00-48B6-AFEF-9CFA86B39611}.Release|Any CPU.Build.0 = Release|Any CPU
	EndGlobalSection
	GlobalSection(SolutionProperties) = preSolution
		HideSolutionNode = FALSE
	EndGlobalSection
	GlobalSection(ExtensibilityGlobals) = postSolution
		SolutionGuid = {189F091B-22ED-40E6-B722-6D08D36084CE}
	EndGlobalSection
EndGlobal
